Microsoft Visual Studio Solution File, Format Version 12.00
# Visual Studio 14
VisualStudioVersion = 14.0.24720.0
MinimumVisualStudioVersion = 10.0.40219.1
Project("{FAE04EC0-301F-11D3-BF4B-00C04F79EFBC}") = "Xacml.Console", "Xacml.Console\Xacml.Console.csproj", "{812C8EC0-7863-41C8-BF5E-A33C12BF721E}"
EndProject
Project("{FAE04EC0-301F-11D3-BF4B-00C04F79EFBC}") = "Xacml.Core", "Xacml.Core\Xacml.Core.csproj", "{DBCC02F8-5513-47D3-A16F-0A9953ABED94}"
EndProject
Project("{FAE04EC0-301F-11D3-BF4B-00C04F79EFBC}") = "Xacml.Control.Center", "Xacml.Control.Center\Xacml.Control.Center.csproj", "{5F7BE0C9-BEFD-4811-8406-4B920DE31485}"
EndProject
Project("{FAE04EC0-301F-11D3-BF4B-00C04F79EFBC}") = "Xacml.Core.UnitTest", "Xacml.Core.UnitTest\Xacml.Core.UnitTest.csproj", "{547C7A22-4DE6-44F2-A2C9-1F629B030EB2}"
EndProject
Project("{2150E333-8FDC-42A3-9474-1A3956D46DE8}") = "Samples", "Samples", "{424DF10D-465B-4177-8450-E7D4A194AAB0}"
	ProjectSection(SolutionItems) = preProject
		Samples\Policy.xml = Samples\Policy.xml
		Samples\Request.xml = Samples\Request.xml
		Samples\Response.xml = Samples\Response.xml
	EndProjectSection
EndProject
Global
	GlobalSection(SolutionConfigurationPlatforms) = preSolution
		Debug|Any CPU = Debug|Any CPU
		Release|Any CPU = Release|Any CPU
	EndGlobalSection
	GlobalSection(ProjectConfigurationPlatforms) = postSolution
		{812C8EC0-7863-41C8-BF5E-A33C12BF721E}.Debug|Any CPU.ActiveCfg = Debug|Any CPU
		{812C8EC0-7863-41C8-BF5E-A33C12BF721E}.Debug|Any CPU.Build.0 = Debug|Any CPU
		{812C8EC0-7863-41C8-BF5E-A33C12BF721E}.Release|Any CPU.ActiveCfg = Release|Any CPU
		{812C8EC0-7863-41C8-BF5E-A33C12BF721E}.Release|Any CPU.Build.0 = Release|Any CPU
		{DBCC02F8-5513-47D3-A16F-0A9953ABED94}.Debug|Any CPU.ActiveCfg = Debug|Any CPU
		{DBCC02F8-5513-47D3-A16F-0A9953ABED94}.Debug|Any CPU.Build.0 = Debug|Any CPU
		{DBCC02F8-5513-47D3-A16F-0A9953ABED94}.Release|Any CPU.ActiveCfg = Release|Any CPU
		{DBCC02F8-5513-47D3-A16F-0A9953ABED94}.Release|Any CPU.Build.0 = Release|Any CPU
		{5F7BE0C9-BEFD-4811-8406-4B920DE31485}.Debug|Any CPU.ActiveCfg = Debug|Any CPU
		{5F7BE0C9-BEFD-4811-8406-4B920DE31485}.Debug|Any CPU.Build.0 = Debug|Any CPU
		{5F7BE0C9-BEFD-4811-8406-4B920DE31485}.Release|Any CPU.ActiveCfg = Release|Any CPU
		{5F7BE0C9-BEFD-4811-8406-4B920DE31485}.Release|Any CPU.Build.0 = Release|Any CPU
		{547C7A22-4DE6-44F2-A2C9-1F629B030EB2}.Debug|Any CPU.ActiveCfg = Debug|Any CPU
		{547C7A22-4DE6-44F2-A2C9-1F629B030EB2}.Debug|Any CPU.Build.0 = Debug|Any CPU
		{547C7A22-4DE6-44F2-A2C9-1F629B030EB2}.Release|Any CPU.ActiveCfg = Release|Any CPU
		{547C7A22-4DE6-44F2-A2C9-1F629B030EB2}.Release|Any CPU.Build.0 = Release|Any CPU
	EndGlobalSection
	GlobalSection(SolutionProperties) = preSolution
		HideSolutionNode = FALSE
	EndGlobalSection
	GlobalSection(TeamFoundationVersionControl) = preSolution
		SccNumberOfProjects = 5
		SccEnterpriseProvider = {4CA58AB2-18FA-4F8D-95D4-32DDF27D184C}
		SccTeamFoundationServer = http://tfs.vitalservices.local/tfs/defaultcollection
		SccLocalPath0 = .
		SccProjectUniqueName1 = Xacml.Console\\Xacml.Console.csproj
		SccProjectName1 = Xacml.Console
		SccLocalPath1 = Xacml.Console
		SccProjectUniqueName2 = Xacml.Control.Center\\Xacml.Control.Center.csproj
		SccProjectName2 = Xacml.Control.Center
		SccLocalPath2 = Xacml.Control.Center
		SccProjectUniqueName3 = Xacml.Core.UnitTest\\Xacml.Core.UnitTest.csproj
		SccProjectName3 = Xacml.Core.UnitTest
		SccLocalPath3 = Xacml.Core.UnitTest
		SccProjectUniqueName4 = Xacml.Core\\Xacml.Core.csproj
		SccProjectName4 = Xacml.Core
		SccLocalPath4 = Xacml.Core
	EndGlobalSection
EndGlobal
